
Microsoft Visual Studio Solution File, Format Version 12.00
# Visual Studio Version 16
VisualStudioVersion = 16.0.31515.178
MinimumVisualStudioVersion = 10.0.40219.1
Project("{FAE04EC0-301F-11D3-BF4B-00C04F79EFBC}") = "Code_Day_1", "Code_Day_1\Code_Day_1.csproj", "{21AA523E-91AB-473B-9357-15D5CEC39E59}"
EndProject
Project("{FAE04EC0-301F-11D3-BF4B-00C04F79EFBC}") = "code_day_2", "code_day_2\code_day_2.csproj", "{86684AD2-8C8B-4BEC-B3D2-3F07CBF49ACE}"
EndProject
Project("{FAE04EC0-301F-11D3-BF4B-00C04F79EFBC}") = "Array_Execrise", "Array_Execrise\Array_Execrise.csproj", "{CF4500E1-1D22-4420-B8EC-56F1DD15620B}"
EndProject
Global
	GlobalSection(SolutionConfigurationPlatforms) = preSolution
		Debug|Any CPU = Debug|Any CPU
		Release|Any CPU = Release|Any CPU
	EndGlobalSection
	GlobalSection(ProjectConfigurationPlatforms) = postSolution
		{21AA523E-91AB-473B-9357-15D5CEC39E59}.Debug|Any CPU.ActiveCfg = Debug|Any CPU
		{21AA523E-91AB-473B-9357-15D5CEC39E59}.Debug|Any CPU.Build.0 = Debug|Any CPU
		{21AA523E-91AB-473B-9357-15D5CEC39E59}.Release|Any CPU.ActiveCfg = Release|Any CPU
		{21AA523E-91AB-473B-9357-15D5CEC39E59}.Release|Any CPU.Build.0 = Release|Any CPU
		{86684AD2-8C8B-4BEC-B3D2-3F07CBF49ACE}.Debug|Any CPU.ActiveCfg = Debug|Any CPU
		{86684AD2-8C8B-4BEC-B3D2-3F07CBF49ACE}.Debug|Any CPU.Build.0 = Debug|Any CPU
		{86684AD2-8C8B-4BEC-B3D2-3F07CBF49ACE}.Release|Any CPU.ActiveCfg = Release|Any CPU
		{86684AD2-8C8B-4BEC-B3D2-3F07CBF49ACE}.Release|Any CPU.Build.0 = Release|Any CPU
		{CF4500E1-1D22-4420-B8EC-56F1DD15620B}.Debug|Any CPU.ActiveCfg = Debug|Any CPU
		{CF4500E1-1D22-4420-B8EC-56F1DD15620B}.Debug|Any CPU.Build.0 = Debug|Any CPU
		{CF4500E1-1D22-4420-B8EC-56F1DD15620B}.Release|Any CPU.ActiveCfg = Release|Any CPU
		{CF4500E1-1D22-4420-B8EC-56F1DD15620B}.Release|Any CPU.Build.0 = Release|Any CPU
	EndGlobalSection
	GlobalSection(SolutionProperties) = preSolution
		HideSolutionNode = FALSE
	EndGlobalSection
	GlobalSection(ExtensibilityGlobals) = postSolution
		SolutionGuid = {54B8A031-2C08-4518-BE0C-7C6B02231FB0}
	EndGlobalSection
EndGlobal
